
Microsoft Visual Studio Solution File, Format Version 12.00
# Visual Studio 15
VisualStudioVersion = 15.0.26403.7
MinimumVisualStudioVersion = 10.0.40219.1
Project("{2150E333-8FDC-42A3-9474-1A3956D46DE8}") = "src", "src", "{99302C9D-F963-49EE-8D11-1DB9B3663817}"
EndProject
Project("{FAE04EC0-301F-11D3-BF4B-00C04F79EFBC}") = "2. WSDLGeneratorBusinessDLL", "src\WSDLGeneratorBusiness\2. WSDLGeneratorBusinessDLL.csproj", "{4209BBA7-6F53-4FF6-91C2-940DCAE1BBFD}"
EndProject
Project("{FAE04EC0-301F-11D3-BF4B-00C04F79EFBC}") = "1. WSDLVersionInfo", "src\WSDLVersionInfo\1. WSDLVersionInfo.csproj", "{022117AF-9D0F-4A35-9A53-0B935D261D57}"
EndProject
Project("{FAE04EC0-301F-11D3-BF4B-00C04F79EFBC}") = "3. WSDLGeneratorCmd", "src\WSDLGenerator\3. WSDLGeneratorCmd.csproj", "{958DECC1-F90E-4050-A8F6-A1DB41A34595}"
	ProjectSection(ProjectDependencies) = postProject
		{D7A5A311-AA84-4FCB-AF81-D0FEDE13E96D} = {D7A5A311-AA84-4FCB-AF81-D0FEDE13E96D}
		{69B0AE96-328D-4D3F-9AA3-67BDAF3BE706} = {69B0AE96-328D-4D3F-9AA3-67BDAF3BE706}
		{D9AEB4BA-8DAD-4C61-BA65-C0DD047EFBEF} = {D9AEB4BA-8DAD-4C61-BA65-C0DD047EFBEF}
		{D9AEB4BA-8DAD-4C61-BA65-C0DD047EFBF0} = {D9AEB4BA-8DAD-4C61-BA65-C0DD047EFBF0}
	EndProjectSection
EndProject
Project("{FAE04EC0-301F-11D3-BF4B-00C04F79EFBC}") = "0a. WCFService", "src\WCFService\0a. WCFService.csproj", "{D9AEB4BA-8DAD-4C61-BA65-C0DD047EFBF0}"
EndProject
Project("{FAE04EC0-301F-11D3-BF4B-00C04F79EFBC}") = "0b. WCFService2", "src\WCFService2\0b. WCFService2.csproj", "{D9AEB4BA-8DAD-4C61-BA65-C0DD047EFBEF}"
EndProject
Project("{FAE04EC0-301F-11D3-BF4B-00C04F79EFBC}") = "0c. WebApplication_ASMXTest", "src\WebApplication_ASMXTest\0c. WebApplication_ASMXTest.csproj", "{69B0AE96-328D-4D3F-9AA3-67BDAF3BE706}"
EndProject
Project("{FAE04EC0-301F-11D3-BF4B-00C04F79EFBC}") = "0d. WebApplication_ASMXTest2", "src\WebApplication_ASMXTest2\0d. WebApplication_ASMXTest2.csproj", "{D7A5A311-AA84-4FCB-AF81-D0FEDE13E96D}"
EndProject
Project("{FAE04EC0-301F-11D3-BF4B-00C04F79EFBC}") = "4. WSDLGeneratorDeploy", "src\WSDLGeneratorDeploy\4. WSDLGeneratorDeploy.csproj", "{51050488-6BC5-4C3D-A578-755E6A3ED286}"
	ProjectSection(ProjectDependencies) = postProject
		{4209BBA7-6F53-4FF6-91C2-940DCAE1BBFD} = {4209BBA7-6F53-4FF6-91C2-940DCAE1BBFD}
		{958DECC1-F90E-4050-A8F6-A1DB41A34595} = {958DECC1-F90E-4050-A8F6-A1DB41A34595}
	EndProjectSection
EndProject
Project("{FAE04EC0-301F-11D3-BF4B-00C04F79EFBC}") = "5. WSDLGenerator Test App (uses a copy from the dll)", "src\WSDLGeneratorTest\5. WSDLGenerator Test App (uses a copy from the dll).csproj", "{A5E0763C-0E70-41C6-B510-C380C77ABC61}"
EndProject
Project("{FAE04EC0-301F-11D3-BF4B-00C04F79EFBC}") = "6. WSDLTest", "src\WSDLTest\6. WSDLTest.csproj", "{733C7813-DE30-4D1A-94C5-C9A9D4DCDF6C}"
EndProject
Project("{2150E333-8FDC-42A3-9474-1A3956D46DE8}") = "solution items", "solution items", "{D08532EC-D890-471F-A22B-934AA864669A}"
	ProjectSection(SolutionItems) = preProject
		README.md = README.md
	EndProjectSection
EndProject
Global
	GlobalSection(SolutionConfigurationPlatforms) = preSolution
		Debug|Any CPU = Debug|Any CPU
		Debug|x64 = Debug|x64
		Debug|x86 = Debug|x86
		Release|Any CPU = Release|Any CPU
		Release|x64 = Release|x64
		Release|x86 = Release|x86
	EndGlobalSection
	GlobalSection(ProjectConfigurationPlatforms) = postSolution
		{4209BBA7-6F53-4FF6-91C2-940DCAE1BBFD}.Debug|Any CPU.ActiveCfg = Debug|Any CPU
		{4209BBA7-6F53-4FF6-91C2-940DCAE1BBFD}.Debug|Any CPU.Build.0 = Debug|Any CPU
		{4209BBA7-6F53-4FF6-91C2-940DCAE1BBFD}.Debug|x64.ActiveCfg = Debug|x64
		{4209BBA7-6F53-4FF6-91C2-940DCAE1BBFD}.Debug|x64.Build.0 = Debug|x64
		{4209BBA7-6F53-4FF6-91C2-940DCAE1BBFD}.Debug|x86.ActiveCfg = Debug|x86
		{4209BBA7-6F53-4FF6-91C2-940DCAE1BBFD}.Debug|x86.Build.0 = Debug|x86
		{4209BBA7-6F53-4FF6-91C2-940DCAE1BBFD}.Release|Any CPU.ActiveCfg = Release|Any CPU
		{4209BBA7-6F53-4FF6-91C2-940DCAE1BBFD}.Release|Any CPU.Build.0 = Release|Any CPU
		{4209BBA7-6F53-4FF6-91C2-940DCAE1BBFD}.Release|x64.ActiveCfg = Release|x64
		{4209BBA7-6F53-4FF6-91C2-940DCAE1BBFD}.Release|x64.Build.0 = Release|x64
		{4209BBA7-6F53-4FF6-91C2-940DCAE1BBFD}.Release|x86.ActiveCfg = Release|x86
		{4209BBA7-6F53-4FF6-91C2-940DCAE1BBFD}.Release|x86.Build.0 = Release|x86
		{022117AF-9D0F-4A35-9A53-0B935D261D57}.Debug|Any CPU.ActiveCfg = Debug|Any CPU
		{022117AF-9D0F-4A35-9A53-0B935D261D57}.Debug|Any CPU.Build.0 = Debug|Any CPU
		{022117AF-9D0F-4A35-9A53-0B935D261D57}.Debug|x64.ActiveCfg = Debug|x64
		{022117AF-9D0F-4A35-9A53-0B935D261D57}.Debug|x64.Build.0 = Debug|x64
		{022117AF-9D0F-4A35-9A53-0B935D261D57}.Debug|x86.ActiveCfg = Debug|x86
		{022117AF-9D0F-4A35-9A53-0B935D261D57}.Debug|x86.Build.0 = Debug|x86
		{022117AF-9D0F-4A35-9A53-0B935D261D57}.Release|Any CPU.ActiveCfg = Release|Any CPU
		{022117AF-9D0F-4A35-9A53-0B935D261D57}.Release|Any CPU.Build.0 = Release|Any CPU
		{022117AF-9D0F-4A35-9A53-0B935D261D57}.Release|x64.ActiveCfg = Release|x64
		{022117AF-9D0F-4A35-9A53-0B935D261D57}.Release|x64.Build.0 = Release|x64
		{022117AF-9D0F-4A35-9A53-0B935D261D57}.Release|x86.ActiveCfg = Release|x86
		{022117AF-9D0F-4A35-9A53-0B935D261D57}.Release|x86.Build.0 = Release|x86
		{958DECC1-F90E-4050-A8F6-A1DB41A34595}.Debug|Any CPU.ActiveCfg = Debug|Any CPU
		{958DECC1-F90E-4050-A8F6-A1DB41A34595}.Debug|Any CPU.Build.0 = Debug|Any CPU
		{958DECC1-F90E-4050-A8F6-A1DB41A34595}.Debug|x64.ActiveCfg = Debug|x64
		{958DECC1-F90E-4050-A8F6-A1DB41A34595}.Debug|x64.Build.0 = Debug|x64
		{958DECC1-F90E-4050-A8F6-A1DB41A34595}.Debug|x86.ActiveCfg = Debug|x86
		{958DECC1-F90E-4050-A8F6-A1DB41A34595}.Debug|x86.Build.0 = Debug|x86
		{958DECC1-F90E-4050-A8F6-A1DB41A34595}.Release|Any CPU.ActiveCfg = Release|Any CPU
		{958DECC1-F90E-4050-A8F6-A1DB41A34595}.Release|Any CPU.Build.0 = Release|Any CPU
		{958DECC1-F90E-4050-A8F6-A1DB41A34595}.Release|x64.ActiveCfg = Release|x64
		{958DECC1-F90E-4050-A8F6-A1DB41A34595}.Release|x64.Build.0 = Release|x64
		{958DECC1-F90E-4050-A8F6-A1DB41A34595}.Release|x86.ActiveCfg = Release|x86
		{958DECC1-F90E-4050-A8F6-A1DB41A34595}.Release|x86.Build.0 = Release|x86
		{D9AEB4BA-8DAD-4C61-BA65-C0DD047EFBF0}.Debug|Any CPU.ActiveCfg = Debug|Any CPU
		{D9AEB4BA-8DAD-4C61-BA65-C0DD047EFBF0}.Debug|Any CPU.Build.0 = Debug|Any CPU
		{D9AEB4BA-8DAD-4C61-BA65-C0DD047EFBF0}.Debug|x64.ActiveCfg = Debug|x64
		{D9AEB4BA-8DAD-4C61-BA65-C0DD047EFBF0}.Debug|x64.Build.0 = Debug|x64
		{D9AEB4BA-8DAD-4C61-BA65-C0DD047EFBF0}.Debug|x86.ActiveCfg = Debug|x86
		{D9AEB4BA-8DAD-4C61-BA65-C0DD047EFBF0}.Debug|x86.Build.0 = Debug|x86
		{D9AEB4BA-8DAD-4C61-BA65-C0DD047EFBF0}.Release|Any CPU.ActiveCfg = Release|Any CPU
		{D9AEB4BA-8DAD-4C61-BA65-C0DD047EFBF0}.Release|Any CPU.Build.0 = Release|Any CPU
		{D9AEB4BA-8DAD-4C61-BA65-C0DD047EFBF0}.Release|x64.ActiveCfg = Release|x64
		{D9AEB4BA-8DAD-4C61-BA65-C0DD047EFBF0}.Release|x64.Build.0 = Release|x64
		{D9AEB4BA-8DAD-4C61-BA65-C0DD047EFBF0}.Release|x86.ActiveCfg = Release|x86
		{D9AEB4BA-8DAD-4C61-BA65-C0DD047EFBF0}.Release|x86.Build.0 = Release|x86
		{D9AEB4BA-8DAD-4C61-BA65-C0DD047EFBEF}.Debug|Any CPU.ActiveCfg = Debug|Any CPU
		{D9AEB4BA-8DAD-4C61-BA65-C0DD047EFBEF}.Debug|Any CPU.Build.0 = Debug|Any CPU
		{D9AEB4BA-8DAD-4C61-BA65-C0DD047EFBEF}.Debug|x64.ActiveCfg = Debug|x64
		{D9AEB4BA-8DAD-4C61-BA65-C0DD047EFBEF}.Debug|x64.Build.0 = Debug|x64
		{D9AEB4BA-8DAD-4C61-BA65-C0DD047EFBEF}.Debug|x86.ActiveCfg = Debug|x86
		{D9AEB4BA-8DAD-4C61-BA65-C0DD047EFBEF}.Debug|x86.Build.0 = Debug|x86
		{D9AEB4BA-8DAD-4C61-BA65-C0DD047EFBEF}.Release|Any CPU.ActiveCfg = Release|Any CPU
		{D9AEB4BA-8DAD-4C61-BA65-C0DD047EFBEF}.Release|Any CPU.Build.0 = Release|Any CPU
		{D9AEB4BA-8DAD-4C61-BA65-C0DD047EFBEF}.Release|x64.ActiveCfg = Release|x64
		{D9AEB4BA-8DAD-4C61-BA65-C0DD047EFBEF}.Release|x64.Build.0 = Release|x64
		{D9AEB4BA-8DAD-4C61-BA65-C0DD047EFBEF}.Release|x86.ActiveCfg = Release|x86
		{D9AEB4BA-8DAD-4C61-BA65-C0DD047EFBEF}.Release|x86.Build.0 = Release|x86
		{69B0AE96-328D-4D3F-9AA3-67BDAF3BE706}.Debug|Any CPU.ActiveCfg = Debug|Any CPU
		{69B0AE96-328D-4D3F-9AA3-67BDAF3BE706}.Debug|Any CPU.Build.0 = Debug|Any CPU
		{69B0AE96-328D-4D3F-9AA3-67BDAF3BE706}.Debug|x64.ActiveCfg = Debug|x64
		{69B0AE96-328D-4D3F-9AA3-67BDAF3BE706}.Debug|x64.Build.0 = Debug|x64
		{69B0AE96-328D-4D3F-9AA3-67BDAF3BE706}.Debug|x86.ActiveCfg = Debug|x86
		{69B0AE96-328D-4D3F-9AA3-67BDAF3BE706}.Debug|x86.Build.0 = Debug|x86
		{69B0AE96-328D-4D3F-9AA3-67BDAF3BE706}.Release|Any CPU.ActiveCfg = Release|Any CPU
		{69B0AE96-328D-4D3F-9AA3-67BDAF3BE706}.Release|Any CPU.Build.0 = Release|Any CPU
		{69B0AE96-328D-4D3F-9AA3-67BDAF3BE706}.Release|x64.ActiveCfg = Release|x64
		{69B0AE96-328D-4D3F-9AA3-67BDAF3BE706}.Release|x64.Build.0 = Release|x64
		{69B0AE96-328D-4D3F-9AA3-67BDAF3BE706}.Release|x86.ActiveCfg = Release|x86
		{69B0AE96-328D-4D3F-9AA3-67BDAF3BE706}.Release|x86.Build.0 = Release|x86
		{D7A5A311-AA84-4FCB-AF81-D0FEDE13E96D}.Debug|Any CPU.ActiveCfg = Debug|Any CPU
		{D7A5A311-AA84-4FCB-AF81-D0FEDE13E96D}.Debug|Any CPU.Build.0 = Debug|Any CPU
		{D7A5A311-AA84-4FCB-AF81-D0FEDE13E96D}.Debug|x64.ActiveCfg = Debug|x64
		{D7A5A311-AA84-4FCB-AF81-D0FEDE13E96D}.Debug|x64.Build.0 = Debug|x64
		{D7A5A311-AA84-4FCB-AF81-D0FEDE13E96D}.Debug|x86.ActiveCfg = Debug|x86
		{D7A5A311-AA84-4FCB-AF81-D0FEDE13E96D}.Debug|x86.Build.0 = Debug|x86
		{D7A5A311-AA84-4FCB-AF81-D0FEDE13E96D}.Release|Any CPU.ActiveCfg = Release|Any CPU
		{D7A5A311-AA84-4FCB-AF81-D0FEDE13E96D}.Release|Any CPU.Build.0 = Release|Any CPU
		{D7A5A311-AA84-4FCB-AF81-D0FEDE13E96D}.Release|x64.ActiveCfg = Release|x64
		{D7A5A311-AA84-4FCB-AF81-D0FEDE13E96D}.Release|x64.Build.0 = Release|x64
		{D7A5A311-AA84-4FCB-AF81-D0FEDE13E96D}.Release|x86.ActiveCfg = Release|x86
		{D7A5A311-AA84-4FCB-AF81-D0FEDE13E96D}.Release|x86.Build.0 = Release|x86
		{51050488-6BC5-4C3D-A578-755E6A3ED286}.Debug|Any CPU.ActiveCfg = Debug|Any CPU
		{51050488-6BC5-4C3D-A578-755E6A3ED286}.Debug|Any CPU.Build.0 = Debug|Any CPU
		{51050488-6BC5-4C3D-A578-755E6A3ED286}.Debug|x64.ActiveCfg = Debug|x64
		{51050488-6BC5-4C3D-A578-755E6A3ED286}.Debug|x64.Build.0 = Debug|x64
		{51050488-6BC5-4C3D-A578-755E6A3ED286}.Debug|x86.ActiveCfg = Debug|x86
		{51050488-6BC5-4C3D-A578-755E6A3ED286}.Debug|x86.Build.0 = Debug|x86
		{51050488-6BC5-4C3D-A578-755E6A3ED286}.Release|Any CPU.ActiveCfg = Release|Any CPU
		{51050488-6BC5-4C3D-A578-755E6A3ED286}.Release|Any CPU.Build.0 = Release|Any CPU
		{51050488-6BC5-4C3D-A578-755E6A3ED286}.Release|x64.ActiveCfg = Release|x64
		{51050488-6BC5-4C3D-A578-755E6A3ED286}.Release|x64.Build.0 = Release|x64
		{51050488-6BC5-4C3D-A578-755E6A3ED286}.Release|x86.ActiveCfg = Release|x86
		{51050488-6BC5-4C3D-A578-755E6A3ED286}.Release|x86.Build.0 = Release|x86
		{A5E0763C-0E70-41C6-B510-C380C77ABC61}.Debug|Any CPU.ActiveCfg = Debug|Any CPU
		{A5E0763C-0E70-41C6-B510-C380C77ABC61}.Debug|Any CPU.Build.0 = Debug|Any CPU
		{A5E0763C-0E70-41C6-B510-C380C77ABC61}.Debug|x64.ActiveCfg = Debug|x64
		{A5E0763C-0E70-41C6-B510-C380C77ABC61}.Debug|x64.Build.0 = Debug|x64
		{A5E0763C-0E70-41C6-B510-C380C77ABC61}.Debug|x86.ActiveCfg = Debug|x86
		{A5E0763C-0E70-41C6-B510-C380C77ABC61}.Debug|x86.Build.0 = Debug|x86
		{A5E0763C-0E70-41C6-B510-C380C77ABC61}.Release|Any CPU.ActiveCfg = Release|Any CPU
		{A5E0763C-0E70-41C6-B510-C380C77ABC61}.Release|Any CPU.Build.0 = Release|Any CPU
		{A5E0763C-0E70-41C6-B510-C380C77ABC61}.Release|x64.ActiveCfg = Release|x64
		{A5E0763C-0E70-41C6-B510-C380C77ABC61}.Release|x64.Build.0 = Release|x64
		{A5E0763C-0E70-41C6-B510-C380C77ABC61}.Release|x86.ActiveCfg = Release|x86
		{A5E0763C-0E70-41C6-B510-C380C77ABC61}.Release|x86.Build.0 = Release|x86
		{733C7813-DE30-4D1A-94C5-C9A9D4DCDF6C}.Debug|Any CPU.ActiveCfg = Debug|Any CPU
		{733C7813-DE30-4D1A-94C5-C9A9D4DCDF6C}.Debug|Any CPU.Build.0 = Debug|Any CPU
		{733C7813-DE30-4D1A-94C5-C9A9D4DCDF6C}.Debug|x64.ActiveCfg = Debug|x64
		{733C7813-DE30-4D1A-94C5-C9A9D4DCDF6C}.Debug|x64.Build.0 = Debug|x64
		{733C7813-DE30-4D1A-94C5-C9A9D4DCDF6C}.Debug|x86.ActiveCfg = Debug|x86
		{733C7813-DE30-4D1A-94C5-C9A9D4DCDF6C}.Debug|x86.Build.0 = Debug|x86
		{733C7813-DE30-4D1A-94C5-C9A9D4DCDF6C}.Release|Any CPU.ActiveCfg = Release|Any CPU
		{733C7813-DE30-4D1A-94C5-C9A9D4DCDF6C}.Release|Any CPU.Build.0 = Release|Any CPU
		{733C7813-DE30-4D1A-94C5-C9A9D4DCDF6C}.Release|x64.ActiveCfg = Release|x64
		{733C7813-DE30-4D1A-94C5-C9A9D4DCDF6C}.Release|x64.Build.0 = Release|x64
		{733C7813-DE30-4D1A-94C5-C9A9D4DCDF6C}.Release|x86.ActiveCfg = Release|x86
		{733C7813-DE30-4D1A-94C5-C9A9D4DCDF6C}.Release|x86.Build.0 = Release|x86
	EndGlobalSection
	GlobalSection(SolutionProperties) = preSolution
		HideSolutionNode = FALSE
	EndGlobalSection
	GlobalSection(NestedProjects) = preSolution
		{4209BBA7-6F53-4FF6-91C2-940DCAE1BBFD} = {99302C9D-F963-49EE-8D11-1DB9B3663817}
		{022117AF-9D0F-4A35-9A53-0B935D261D57} = {99302C9D-F963-49EE-8D11-1DB9B3663817}
		{958DECC1-F90E-4050-A8F6-A1DB41A34595} = {99302C9D-F963-49EE-8D11-1DB9B3663817}
		{D9AEB4BA-8DAD-4C61-BA65-C0DD047EFBF0} = {99302C9D-F963-49EE-8D11-1DB9B3663817}
		{D9AEB4BA-8DAD-4C61-BA65-C0DD047EFBEF} = {99302C9D-F963-49EE-8D11-1DB9B3663817}
		{69B0AE96-328D-4D3F-9AA3-67BDAF3BE706} = {99302C9D-F963-49EE-8D11-1DB9B3663817}
		{D7A5A311-AA84-4FCB-AF81-D0FEDE13E96D} = {99302C9D-F963-49EE-8D11-1DB9B3663817}
		{51050488-6BC5-4C3D-A578-755E6A3ED286} = {99302C9D-F963-49EE-8D11-1DB9B3663817}
		{A5E0763C-0E70-41C6-B510-C380C77ABC61} = {99302C9D-F963-49EE-8D11-1DB9B3663817}
		{733C7813-DE30-4D1A-94C5-C9A9D4DCDF6C} = {99302C9D-F963-49EE-8D11-1DB9B3663817}
	EndGlobalSection
	GlobalSection(ExtensibilityGlobals) = postSolution
		SolutionGuid = {D29EDE83-9496-4CA5-B501-E31494FCEE52}
	EndGlobalSection
EndGlobal
